
Microsoft Visual Studio Solution File, Format Version 12.00
# Visual Studio Version 17
VisualStudioVersion = 17.7.34221.43
MinimumVisualStudioVersion = 10.0.40219.1
Project("{FAE04EC0-301F-11D3-BF4B-00C04F79EFBC}") = "University.Web", "University.Web\University.Web.csproj", "{AA1EA205-01DA-476D-870B-82D61DB8829B}"
EndProject
Global
	GlobalSection(SolutionConfigurationPlatforms) = preSolution
		Debug|Any CPU = Debug|Any CPU
		Release|Any CPU = Release|Any CPU
	EndGlobalSection
	GlobalSection(ProjectConfigurationPlatforms) = postSolution
		{AA1EA205-01DA-476D-870B-82D61DB8829B}.Debug|Any CPU.ActiveCfg = Debug|Any CPU
		{AA1EA205-01DA-476D-870B-82D61DB8829B}.Debug|Any CPU.Build.0 = Debug|Any CPU
		{AA1EA205-01DA-476D-870B-82D61DB8829B}.Release|Any CPU.ActiveCfg = Release|Any CPU
		{AA1EA205-01DA-476D-870B-82D61DB8829B}.Release|Any CPU.Build.0 = Release|Any CPU
	EndGlobalSection
	GlobalSection(SolutionProperties) = preSolution
		HideSolutionNode = FALSE
	EndGlobalSection
	GlobalSection(ExtensibilityGlobals) = postSolution
		SolutionGuid = {8CAD1ADC-2CFE-47B9-BED0-070A5A571A5B}
	EndGlobalSection
EndGlobal
